Microsoft Visual Studio Solution File, Format Version 12.00
# Visual Studio 2013
VisualStudioVersion = 12.0.31101.0
MinimumVisualStudioVersion = 10.0.40219.1
Project("{FAE04EC0-301F-11D3-BF4B-00C04F79EFBC}") = "WeiService", "WeiService\WeiService.csproj", "{17F12B5F-8F48-4FA3-B2ED-5F575CC833F1}"
EndProject
Project("{FAE04EC0-301F-11D3-BF4B-00C04F79EFBC}") = "PrimeHandler", "PrimeHandler\PrimeHandler.csproj", "{31C81AC4-FEB4-42CE-8090-7A82073CC956}"
EndProject
Project("{FAE04EC0-301F-11D3-BF4B-00C04F79EFBC}") = "FileDriver", "FileDriver\FileDriver.csproj", "{5894FD83-B00D-447D-A590-7B08676B1DBC}"
EndProject
Project("{FAE04EC0-301F-11D3-BF4B-00C04F79EFBC}") = "WeiTranslator", "WeiTranslator\WeiTranslator.csproj", "{EB9FA2DF-4240-4DB4-B0C9-C3C81D6B92F7}"
EndProject
Project("{FAE04EC0-301F-11D3-BF4B-00C04F79EFBC}") = "WeiCommon", "WeiCommon\WeiCommon.csproj", "{3B42C132-55A9-4AC9-B272-3157C110DE8B}"
EndProject
Project("{FAE04EC0-301F-11D3-BF4B-00C04F79EFBC}") = "MQDriver", "MQDriver\MQDriver.csproj", "{FFC708A6-891C-43C8-9901-3E95037CEA94}"
EndProject
Project("{FAE04EC0-301F-11D3-BF4B-00C04F79EFBC}") = "WeiDashboard", "WeiDashboard\WeiDashboard.csproj", "{F08F756A-E0A9-44BD-ADB9-EA0FB292E13B}"
EndProject
Project("{FAE04EC0-301F-11D3-BF4B-00C04F79EFBC}") = "ChipsParser", "ChipsParser\ChipsParser.csproj", "{4C3F7530-B3D5-4DD5-BCC4-98377FE9550C}"
EndProject
Project("{FAE04EC0-301F-11D3-BF4B-00C04F79EFBC}") = "WeiServiceManager", "WeiMonitor\WeiServiceManager.csproj", "{0FDC5780-6015-4F15-9701-501C2511CD11}"
EndProject
Project("{FAE04EC0-301F-11D3-BF4B-00C04F79EFBC}") = "TranslationTester", "TranslationTester\TranslationTester.csproj", "{AD22961E-BCF9-486E-995C-F92165F34390}"
EndProject
Project("{FAE04EC0-301F-11D3-BF4B-00C04F79EFBC}") = "AdvantageSecurity", "AdvantageSecurity\AdvantageSecurity.csproj", "{6F03025D-2FF8-4251-9B35-F7442F839735}"
EndProject
Project("{FAE04EC0-301F-11D3-BF4B-00C04F79EFBC}") = "DataAccess", "DataAccess\DataAccess.csproj", "{6408DCFC-747A-457B-BDAF-E4CB71F8F59F}"
EndProject
Global
	GlobalSection(TeamFoundationVersionControl) = preSolution
		SccNumberOfProjects = 15
		SccEnterpriseProvider = {4CA58AB2-18FA-4F8D-95D4-32DDF27D184C}
		SccTeamFoundationServer = http://adv-tfs-server:8080/tfs/advantage%20wei
		SccLocalPath0 = .
		SccProjectUniqueName1 = AdvantageSecurity\\AdvantageSecurity.csproj
		SccProjectName1 = AdvantageSecurity
		SccLocalPath1 = AdvantageSecurity
		SccProjectUniqueName2 = ChipsParser\\ChipsParser.csproj
		SccProjectName2 = ChipsParser
		SccLocalPath2 = ChipsParser
		SccProjectUniqueName3 = FileDriver\\FileDriver.csproj
		SccProjectName3 = FileDriver
		SccLocalPath3 = FileDriver
		SccProjectUniqueName4 = MQDriver\\MQDriver.csproj
		SccProjectName4 = MQDriver
		SccLocalPath4 = MQDriver
		SccProjectUniqueName5 = PrimeHandler\\PrimeHandler.csproj
		SccProjectName5 = PrimeHandler
		SccLocalPath5 = PrimeHandler
		SccProjectUniqueName6 = TranslationTester\\TranslationTester.csproj
		SccProjectName6 = TranslationTester
		SccLocalPath6 = TranslationTester
		SccProjectUniqueName7 = WeiCommon\\WeiCommon.csproj
		SccProjectName7 = WeiCommon
		SccLocalPath7 = WeiCommon
		SccProjectUniqueName8 = WeiDashboard\\WeiDashboard.csproj
		SccProjectName8 = WeiDashboard
		SccLocalPath8 = WeiDashboard
		SccProjectUniqueName9 = WeiMonitor\\WeiServiceManager.csproj
		SccProjectName9 = WeiMonitor
		SccLocalPath9 = WeiMonitor
		SccProjectUniqueName10 = WeiService\\WeiService.csproj
		SccProjectName10 = WeiService
		SccLocalPath10 = WeiService
		SccProjectUniqueName11 = WeiTranslator\\WeiTranslator.csproj
		SccProjectName11 = WeiTranslator
		SccLocalPath11 = WeiTranslator
		SccProjectUniqueName12 = DataAccess\\DataAccess.csproj
		SccProjectName12 = DataAccess
		SccLocalPath12 = DataAccess
		SccProjectUniqueName13 = WeiSetup\\Setup.vdproj
		SccProjectName13 = WeiSetup
		SccLocalPath13 = WeiSetup
		SccProjectUniqueName14 = WeiDatabase\\WeiDatabase.dbproj
		SccProjectName14 = WeiDatabase
		SccLocalPath14 = WeiDatabase
	EndGlobalSection
	GlobalSection(SolutionConfigurationPlatforms) = preSolution
		CD_ROM|Any CPU = CD_ROM|Any CPU
		CD_ROM|Mixed Platforms = CD_ROM|Mixed Platforms
		CD_ROM|x86 = CD_ROM|x86
		Debug|Any CPU = Debug|Any CPU
		Debug|Mixed Platforms = Debug|Mixed Platforms
		Debug|x86 = Debug|x86
		DVD-5|Any CPU = DVD-5|Any CPU
		DVD-5|Mixed Platforms = DVD-5|Mixed Platforms
		DVD-5|x86 = DVD-5|x86
		Release|Any CPU = Release|Any CPU
		Release|Mixed Platforms = Release|Mixed Platforms
		Release|x86 = Release|x86
		SingleImage|Any CPU = SingleImage|Any CPU
		SingleImage|Mixed Platforms = SingleImage|Mixed Platforms
		SingleImage|x86 = SingleImage|x86
	EndGlobalSection
	GlobalSection(ProjectConfigurationPlatforms) = postSolution
		{17F12B5F-8F48-4FA3-B2ED-5F575CC833F1}.CD_ROM|Any CPU.ActiveCfg = Release|x86
		{17F12B5F-8F48-4FA3-B2ED-5F575CC833F1}.CD_ROM|Mixed Platforms.ActiveCfg = Release|x86
		{17F12B5F-8F48-4FA3-B2ED-5F575CC833F1}.CD_ROM|Mixed Platforms.Build.0 = Release|x86
		{17F12B5F-8F48-4FA3-B2ED-5F575CC833F1}.CD_ROM|x86.ActiveCfg = Release|x86
		{17F12B5F-8F48-4FA3-B2ED-5F575CC833F1}.CD_ROM|x86.Build.0 = Release|x86
		{17F12B5F-8F48-4FA3-B2ED-5F575CC833F1}.Debug|Any CPU.ActiveCfg = Debug|x86
		{17F12B5F-8F48-4FA3-B2ED-5F575CC833F1}.Debug|Mixed Platforms.ActiveCfg = Debug|x86
		{17F12B5F-8F48-4FA3-B2ED-5F575CC833F1}.Debug|Mixed Platforms.Build.0 = Debug|x86
		{17F12B5F-8F48-4FA3-B2ED-5F575CC833F1}.Debug|x86.ActiveCfg = Debug|x86
		{17F12B5F-8F48-4FA3-B2ED-5F575CC833F1}.Debug|x86.Build.0 = Debug|x86
		{17F12B5F-8F48-4FA3-B2ED-5F575CC833F1}.DVD-5|Any CPU.ActiveCfg = Debug|x86
		{17F12B5F-8F48-4FA3-B2ED-5F575CC833F1}.DVD-5|Mixed Platforms.ActiveCfg = Debug|x86
		{17F12B5F-8F48-4FA3-B2ED-5F575CC833F1}.DVD-5|Mixed Platforms.Build.0 = Debug|x86
		{17F12B5F-8F48-4FA3-B2ED-5F575CC833F1}.DVD-5|x86.ActiveCfg = Debug|x86
		{17F12B5F-8F48-4FA3-B2ED-5F575CC833F1}.DVD-5|x86.Build.0 = Debug|x86
		{17F12B5F-8F48-4FA3-B2ED-5F575CC833F1}.Release|Any CPU.ActiveCfg = Release|x86
		{17F12B5F-8F48-4FA3-B2ED-5F575CC833F1}.Release|Mixed Platforms.ActiveCfg = Release|x86
		{17F12B5F-8F48-4FA3-B2ED-5F575CC833F1}.Release|Mixed Platforms.Build.0 = Release|x86
		{17F12B5F-8F48-4FA3-B2ED-5F575CC833F1}.Release|x86.ActiveCfg = Release|x86
		{17F12B5F-8F48-4FA3-B2ED-5F575CC833F1}.Release|x86.Build.0 = Release|x86
		{17F12B5F-8F48-4FA3-B2ED-5F575CC833F1}.SingleImage|Any CPU.ActiveCfg = Release|x86
		{17F12B5F-8F48-4FA3-B2ED-5F575CC833F1}.SingleImage|Mixed Platforms.ActiveCfg = Release|x86
		{17F12B5F-8F48-4FA3-B2ED-5F575CC833F1}.SingleImage|Mixed Platforms.Build.0 = Release|x86
		{17F12B5F-8F48-4FA3-B2ED-5F575CC833F1}.SingleImage|x86.ActiveCfg = Release|x86
		{17F12B5F-8F48-4FA3-B2ED-5F575CC833F1}.SingleImage|x86.Build.0 = Release|x86
		{31C81AC4-FEB4-42CE-8090-7A82073CC956}.CD_ROM|Any CPU.ActiveCfg = Release|Any CPU
		{31C81AC4-FEB4-42CE-8090-7A82073CC956}.CD_ROM|Any CPU.Build.0 = Release|Any CPU
		{31C81AC4-FEB4-42CE-8090-7A82073CC956}.CD_ROM|Mixed Platforms.ActiveCfg = Release|Any CPU
		{31C81AC4-FEB4-42CE-8090-7A82073CC956}.CD_ROM|Mixed Platforms.Build.0 = Release|Any CPU
		{31C81AC4-FEB4-42CE-8090-7A82073CC956}.CD_ROM|x86.ActiveCfg = Release|Any CPU
		{31C81AC4-FEB4-42CE-8090-7A82073CC956}.Debug|Any CPU.ActiveCfg = Debug|Any CPU
		{31C81AC4-FEB4-42CE-8090-7A82073CC956}.Debug|Any CPU.Build.0 = Debug|Any CPU
		{31C81AC4-FEB4-42CE-8090-7A82073CC956}.Debug|Mixed Platforms.ActiveCfg = Debug|Any CPU
		{31C81AC4-FEB4-42CE-8090-7A82073CC956}.Debug|Mixed Platforms.Build.0 = Debug|Any CPU
		{31C81AC4-FEB4-42CE-8090-7A82073CC956}.Debug|x86.ActiveCfg = Debug|Any CPU
		{31C81AC4-FEB4-42CE-8090-7A82073CC956}.DVD-5|Any CPU.ActiveCfg = Debug|Any CPU
		{31C81AC4-FEB4-42CE-8090-7A82073CC956}.DVD-5|Any CPU.Build.0 = Debug|Any CPU
		{31C81AC4-FEB4-42CE-8090-7A82073CC956}.DVD-5|Mixed Platforms.ActiveCfg = Debug|Any CPU
		{31C81AC4-FEB4-42CE-8090-7A82073CC956}.DVD-5|Mixed Platforms.Build.0 = Debug|Any CPU
		{31C81AC4-FEB4-42CE-8090-7A82073CC956}.DVD-5|x86.ActiveCfg = Debug|Any CPU
		{31C81AC4-FEB4-42CE-8090-7A82073CC956}.Release|Any CPU.ActiveCfg = Release|Any CPU
		{31C81AC4-FEB4-42CE-8090-7A82073CC956}.Release|Any CPU.Build.0 = Release|Any CPU
		{31C81AC4-FEB4-42CE-8090-7A82073CC956}.Release|Mixed Platforms.ActiveCfg = Release|Any CPU
		{31C81AC4-FEB4-42CE-8090-7A82073CC956}.Release|Mixed Platforms.Build.0 = Release|Any CPU
		{31C81AC4-FEB4-42CE-8090-7A82073CC956}.Release|x86.ActiveCfg = Release|Any CPU
		{31C81AC4-FEB4-42CE-8090-7A82073CC956}.SingleImage|Any CPU.ActiveCfg = Release|Any CPU
		{31C81AC4-FEB4-42CE-8090-7A82073CC956}.SingleImage|Any CPU.Build.0 = Release|Any CPU
		{31C81AC4-FEB4-42CE-8090-7A82073CC956}.SingleImage|Mixed Platforms.ActiveCfg = Release|Any CPU
		{31C81AC4-FEB4-42CE-8090-7A82073CC956}.SingleImage|Mixed Platforms.Build.0 = Release|Any CPU
		{31C81AC4-FEB4-42CE-8090-7A82073CC956}.SingleImage|x86.ActiveCfg = Release|Any CPU
		{5894FD83-B00D-447D-A590-7B08676B1DBC}.CD_ROM|Any CPU.ActiveCfg = Release|Any CPU
		{5894FD83-B00D-447D-A590-7B08676B1DBC}.CD_ROM|Any CPU.Build.0 = Release|Any CPU
		{5894FD83-B00D-447D-A590-7B08676B1DBC}.CD_ROM|Mixed Platforms.ActiveCfg = Release|Any CPU
		{5894FD83-B00D-447D-A590-7B08676B1DBC}.CD_ROM|Mixed Platforms.Build.0 = Release|Any CPU
		{5894FD83-B00D-447D-A590-7B08676B1DBC}.CD_ROM|x86.ActiveCfg = Release|Any CPU
		{5894FD83-B00D-447D-A590-7B08676B1DBC}.Debug|Any CPU.ActiveCfg = Debug|Any CPU
		{5894FD83-B00D-447D-A590-7B08676B1DBC}.Debug|Any CPU.Build.0 = Debug|Any CPU
		{5894FD83-B00D-447D-A590-7B08676B1DBC}.Debug|Mixed Platforms.ActiveCfg = Debug|Any CPU
		{5894FD83-B00D-447D-A590-7B08676B1DBC}.Debug|Mixed Platforms.Build.0 = Debug|Any CPU
		{5894FD83-B00D-447D-A590-7B08676B1DBC}.Debug|x86.ActiveCfg = Debug|Any CPU
		{5894FD83-B00D-447D-A590-7B08676B1DBC}.DVD-5|Any CPU.ActiveCfg = Debug|Any CPU
		{5894FD83-B00D-447D-A590-7B08676B1DBC}.DVD-5|Any CPU.Build.0 = Debug|Any CPU
		{5894FD83-B00D-447D-A590-7B08676B1DBC}.DVD-5|Mixed Platforms.ActiveCfg = Debug|Any CPU
		{5894FD83-B00D-447D-A590-7B08676B1DBC}.DVD-5|Mixed Platforms.Build.0 = Debug|Any CPU
		{5894FD83-B00D-447D-A590-7B08676B1DBC}.DVD-5|x86.ActiveCfg = Debug|Any CPU
		{5894FD83-B00D-447D-A590-7B08676B1DBC}.Release|Any CPU.ActiveCfg = Release|Any CPU
		{5894FD83-B00D-447D-A590-7B08676B1DBC}.Release|Any CPU.Build.0 = Release|Any CPU
		{5894FD83-B00D-447D-A590-7B08676B1DBC}.Release|Mixed Platforms.ActiveCfg = Release|Any CPU
		{5894FD83-B00D-447D-A590-7B08676B1DBC}.Release|Mixed Platforms.Build.0 = Release|Any CPU
		{5894FD83-B00D-447D-A590-7B08676B1DBC}.Release|x86.ActiveCfg = Release|Any CPU
		{5894FD83-B00D-447D-A590-7B08676B1DBC}.SingleImage|Any CPU.ActiveCfg = Release|Any CPU
		{5894FD83-B00D-447D-A590-7B08676B1DBC}.SingleImage|Any CPU.Build.0 = Release|Any CPU
		{5894FD83-B00D-447D-A590-7B08676B1DBC}.SingleImage|Mixed Platforms.ActiveCfg = Release|Any CPU
		{5894FD83-B00D-447D-A590-7B08676B1DBC}.SingleImage|Mixed Platforms.Build.0 = Release|Any CPU
		{5894FD83-B00D-447D-A590-7B08676B1DBC}.SingleImage|x86.ActiveCfg = Release|Any CPU
		{EB9FA2DF-4240-4DB4-B0C9-C3C81D6B92F7}.CD_ROM|Any CPU.ActiveCfg = Release|Any CPU
		{EB9FA2DF-4240-4DB4-B0C9-C3C81D6B92F7}.CD_ROM|Any CPU.Build.0 = Release|Any CPU
		{EB9FA2DF-4240-4DB4-B0C9-C3C81D6B92F7}.CD_ROM|Mixed Platforms.ActiveCfg = Release|Any CPU
		{EB9FA2DF-4240-4DB4-B0C9-C3C81D6B92F7}.CD_ROM|Mixed Platforms.Build.0 = Release|Any CPU
		{EB9FA2DF-4240-4DB4-B0C9-C3C81D6B92F7}.CD_ROM|x86.ActiveCfg = Release|Any CPU
		{EB9FA2DF-4240-4DB4-B0C9-C3C81D6B92F7}.Debug|Any CPU.ActiveCfg = Debug|Any CPU
		{EB9FA2DF-4240-4DB4-B0C9-C3C81D6B92F7}.Debug|Any CPU.Build.0 = Debug|Any CPU
		{EB9FA2DF-4240-4DB4-B0C9-C3C81D6B92F7}.Debug|Mixed Platforms.ActiveCfg = Debug|Any CPU
		{EB9FA2DF-4240-4DB4-B0C9-C3C81D6B92F7}.Debug|Mixed Platforms.Build.0 = Debug|Any CPU
		{EB9FA2DF-4240-4DB4-B0C9-C3C81D6B92F7}.Debug|x86.ActiveCfg = Debug|Any CPU
		{EB9FA2DF-4240-4DB4-B0C9-C3C81D6B92F7}.DVD-5|Any CPU.ActiveCfg = Debug|Any CPU
		{EB9FA2DF-4240-4DB4-B0C9-C3C81D6B92F7}.DVD-5|Any CPU.Build.0 = Debug|Any CPU
		{EB9FA2DF-4240-4DB4-B0C9-C3C81D6B92F7}.DVD-5|Mixed Platforms.ActiveCfg = Debug|Any CPU
		{EB9FA2DF-4240-4DB4-B0C9-C3C81D6B92F7}.DVD-5|Mixed Platforms.Build.0 = Debug|Any CPU
		{EB9FA2DF-4240-4DB4-B0C9-C3C81D6B92F7}.DVD-5|x86.ActiveCfg = Debug|Any CPU
		{EB9FA2DF-4240-4DB4-B0C9-C3C81D6B92F7}.Release|Any CPU.ActiveCfg = Release|Any CPU
		{EB9FA2DF-4240-4DB4-B0C9-C3C81D6B92F7}.Release|Any CPU.Build.0 = Release|Any CPU
		{EB9FA2DF-4240-4DB4-B0C9-C3C81D6B92F7}.Release|Mixed Platforms.ActiveCfg = Release|Any CPU
		{EB9FA2DF-4240-4DB4-B0C9-C3C81D6B92F7}.Release|Mixed Platforms.Build.0 = Release|Any CPU
		{EB9FA2DF-4240-4DB4-B0C9-C3C81D6B92F7}.Release|x86.ActiveCfg = Release|Any CPU
		{EB9FA2DF-4240-4DB4-B0C9-C3C81D6B92F7}.SingleImage|Any CPU.ActiveCfg = Release|Any CPU
		{EB9FA2DF-4240-4DB4-B0C9-C3C81D6B92F7}.SingleImage|Any CPU.Build.0 = Release|Any CPU
		{EB9FA2DF-4240-4DB4-B0C9-C3C81D6B92F7}.SingleImage|Mixed Platforms.ActiveCfg = Release|Any CPU
		{EB9FA2DF-4240-4DB4-B0C9-C3C81D6B92F7}.SingleImage|Mixed Platforms.Build.0 = Release|Any CPU
		{EB9FA2DF-4240-4DB4-B0C9-C3C81D6B92F7}.SingleImage|x86.ActiveCfg = Release|Any CPU
		{3B42C132-55A9-4AC9-B272-3157C110DE8B}.CD_ROM|Any CPU.ActiveCfg = Release|Any CPU
		{3B42C132-55A9-4AC9-B272-3157C110DE8B}.CD_ROM|Any CPU.Build.0 = Release|Any CPU
		{3B42C132-55A9-4AC9-B272-3157C110DE8B}.CD_ROM|Mixed Platforms.ActiveCfg = Release|Any CPU
		{3B42C132-55A9-4AC9-B272-3157C110DE8B}.CD_ROM|Mixed Platforms.Build.0 = Release|Any CPU
		{3B42C132-55A9-4AC9-B272-3157C110DE8B}.CD_ROM|x86.ActiveCfg = Release|Any CPU
		{3B42C132-55A9-4AC9-B272-3157C110DE8B}.Debug|Any CPU.ActiveCfg = Debug|Any CPU
		{3B42C132-55A9-4AC9-B272-3157C110DE8B}.Debug|Any CPU.Build.0 = Debug|Any CPU
		{3B42C132-55A9-4AC9-B272-3157C110DE8B}.Debug|Mixed Platforms.ActiveCfg = Debug|Any CPU
		{3B42C132-55A9-4AC9-B272-3157C110DE8B}.Debug|Mixed Platforms.Build.0 = Debug|Any CPU
		{3B42C132-55A9-4AC9-B272-3157C110DE8B}.Debug|x86.ActiveCfg = Debug|Any CPU
		{3B42C132-55A9-4AC9-B272-3157C110DE8B}.DVD-5|Any CPU.ActiveCfg = Debug|Any CPU
		{3B42C132-55A9-4AC9-B272-3157C110DE8B}.DVD-5|Any CPU.Build.0 = Debug|Any CPU
		{3B42C132-55A9-4AC9-B272-3157C110DE8B}.DVD-5|Mixed Platforms.ActiveCfg = Debug|Any CPU
		{3B42C132-55A9-4AC9-B272-3157C110DE8B}.DVD-5|Mixed Platforms.Build.0 = Debug|Any CPU
		{3B42C132-55A9-4AC9-B272-3157C110DE8B}.DVD-5|x86.ActiveCfg = Debug|Any CPU
		{3B42C132-55A9-4AC9-B272-3157C110DE8B}.Release|Any CPU.ActiveCfg = Release|Any CPU
		{3B42C132-55A9-4AC9-B272-3157C110DE8B}.Release|Any CPU.Build.0 = Release|Any CPU
		{3B42C132-55A9-4AC9-B272-3157C110DE8B}.Release|Mixed Platforms.ActiveCfg = Release|Any CPU
		{3B42C132-55A9-4AC9-B272-3157C110DE8B}.Release|Mixed Platforms.Build.0 = Release|Any CPU
		{3B42C132-55A9-4AC9-B272-3157C110DE8B}.Release|x86.ActiveCfg = Release|Any CPU
		{3B42C132-55A9-4AC9-B272-3157C110DE8B}.SingleImage|Any CPU.ActiveCfg = Release|Any CPU
		{3B42C132-55A9-4AC9-B272-3157C110DE8B}.SingleImage|Any CPU.Build.0 = Release|Any CPU
		{3B42C132-55A9-4AC9-B272-3157C110DE8B}.SingleImage|Mixed Platforms.ActiveCfg = Release|Any CPU
		{3B42C132-55A9-4AC9-B272-3157C110DE8B}.SingleImage|Mixed Platforms.Build.0 = Release|Any CPU
		{3B42C132-55A9-4AC9-B272-3157C110DE8B}.SingleImage|x86.ActiveCfg = Release|Any CPU
		{FFC708A6-891C-43C8-9901-3E95037CEA94}.CD_ROM|Any CPU.ActiveCfg = Release|Any CPU
		{FFC708A6-891C-43C8-9901-3E95037CEA94}.CD_ROM|Any CPU.Build.0 = Release|Any CPU
		{FFC708A6-891C-43C8-9901-3E95037CEA94}.CD_ROM|Mixed Platforms.ActiveCfg = Release|Any CPU
		{FFC708A6-891C-43C8-9901-3E95037CEA94}.CD_ROM|Mixed Platforms.Build.0 = Release|Any CPU
		{FFC708A6-891C-43C8-9901-3E95037CEA94}.CD_ROM|x86.ActiveCfg = Release|Any CPU
		{FFC708A6-891C-43C8-9901-3E95037CEA94}.Debug|Any CPU.ActiveCfg = Debug|Any CPU
		{FFC708A6-891C-43C8-9901-3E95037CEA94}.Debug|Any CPU.Build.0 = Debug|Any CPU
		{FFC708A6-891C-43C8-9901-3E95037CEA94}.Debug|Mixed Platforms.ActiveCfg = Debug|Any CPU
		{FFC708A6-891C-43C8-9901-3E95037CEA94}.Debug|Mixed Platforms.Build.0 = Debug|Any CPU
		{FFC708A6-891C-43C8-9901-3E95037CEA94}.Debug|x86.ActiveCfg = Debug|Any CPU
		{FFC708A6-891C-43C8-9901-3E95037CEA94}.DVD-5|Any CPU.ActiveCfg = Debug|Any CPU
		{FFC708A6-891C-43C8-9901-3E95037CEA94}.DVD-5|Any CPU.Build.0 = Debug|Any CPU
		{FFC708A6-891C-43C8-9901-3E95037CEA94}.DVD-5|Mixed Platforms.ActiveCfg = Debug|Any CPU
		{FFC708A6-891C-43C8-9901-3E95037CEA94}.DVD-5|Mixed Platforms.Build.0 = Debug|Any CPU
		{FFC708A6-891C-43C8-9901-3E95037CEA94}.DVD-5|x86.ActiveCfg = Debug|Any CPU
		{FFC708A6-891C-43C8-9901-3E95037CEA94}.Release|Any CPU.ActiveCfg = Release|Any CPU
		{FFC708A6-891C-43C8-9901-3E95037CEA94}.Release|Any CPU.Build.0 = Release|Any CPU
		{FFC708A6-891C-43C8-9901-3E95037CEA94}.Release|Mixed Platforms.ActiveCfg = Release|Any CPU
		{FFC708A6-891C-43C8-9901-3E95037CEA94}.Release|Mixed Platforms.Build.0 = Release|Any CPU
		{FFC708A6-891C-43C8-9901-3E95037CEA94}.Release|x86.ActiveCfg = Release|Any CPU
		{FFC708A6-891C-43C8-9901-3E95037CEA94}.SingleImage|Any CPU.ActiveCfg = Release|Any CPU
		{FFC708A6-891C-43C8-9901-3E95037CEA94}.SingleImage|Any CPU.Build.0 = Release|Any CPU
		{FFC708A6-891C-43C8-9901-3E95037CEA94}.SingleImage|Mixed Platforms.ActiveCfg = Release|Any CPU
		{FFC708A6-891C-43C8-9901-3E95037CEA94}.SingleImage|Mixed Platforms.Build.0 = Release|Any CPU
		{FFC708A6-891C-43C8-9901-3E95037CEA94}.SingleImage|x86.ActiveCfg = Release|Any CPU
		{F08F756A-E0A9-44BD-ADB9-EA0FB292E13B}.CD_ROM|Any CPU.ActiveCfg = Release|Any CPU
		{F08F756A-E0A9-44BD-ADB9-EA0FB292E13B}.CD_ROM|Any CPU.Build.0 = Release|Any CPU
		{F08F756A-E0A9-44BD-ADB9-EA0FB292E13B}.CD_ROM|Mixed Platforms.ActiveCfg = Release|Any CPU
		{F08F756A-E0A9-44BD-ADB9-EA0FB292E13B}.CD_ROM|Mixed Platforms.Build.0 = Release|Any CPU
		{F08F756A-E0A9-44BD-ADB9-EA0FB292E13B}.CD_ROM|x86.ActiveCfg = Release|Any CPU
		{F08F756A-E0A9-44BD-ADB9-EA0FB292E13B}.Debug|Any CPU.ActiveCfg = Debug|Any CPU
		{F08F756A-E0A9-44BD-ADB9-EA0FB292E13B}.Debug|Any CPU.Build.0 = Debug|Any CPU
		{F08F756A-E0A9-44BD-ADB9-EA0FB292E13B}.Debug|Mixed Platforms.ActiveCfg = Debug|Any CPU
		{F08F756A-E0A9-44BD-ADB9-EA0FB292E13B}.Debug|Mixed Platforms.Build.0 = Debug|Any CPU
		{F08F756A-E0A9-44BD-ADB9-EA0FB292E13B}.Debug|x86.ActiveCfg = Debug|Any CPU
		{F08F756A-E0A9-44BD-ADB9-EA0FB292E13B}.DVD-5|Any CPU.ActiveCfg = Debug|Any CPU
		{F08F756A-E0A9-44BD-ADB9-EA0FB292E13B}.DVD-5|Any CPU.Build.0 = Debug|Any CPU
		{F08F756A-E0A9-44BD-ADB9-EA0FB292E13B}.DVD-5|Mixed Platforms.ActiveCfg = Debug|Any CPU
		{F08F756A-E0A9-44BD-ADB9-EA0FB292E13B}.DVD-5|Mixed Platforms.Build.0 = Debug|Any CPU
		{F08F756A-E0A9-44BD-ADB9-EA0FB292E13B}.DVD-5|x86.ActiveCfg = Debug|Any CPU
		{F08F756A-E0A9-44BD-ADB9-EA0FB292E13B}.Release|Any CPU.ActiveCfg = Release|Any CPU
		{F08F756A-E0A9-44BD-ADB9-EA0FB292E13B}.Release|Any CPU.Build.0 = Release|Any CPU
		{F08F756A-E0A9-44BD-ADB9-EA0FB292E13B}.Release|Mixed Platforms.ActiveCfg = Release|Any CPU
		{F08F756A-E0A9-44BD-ADB9-EA0FB292E13B}.Release|Mixed Platforms.Build.0 = Release|Any CPU
		{F08F756A-E0A9-44BD-ADB9-EA0FB292E13B}.Release|Mixed Platforms.Deploy.0 = Release|Any CPU
		{F08F756A-E0A9-44BD-ADB9-EA0FB292E13B}.Release|x86.ActiveCfg = Release|Any CPU
		{F08F756A-E0A9-44BD-ADB9-EA0FB292E13B}.SingleImage|Any CPU.ActiveCfg = Release|Any CPU
		{F08F756A-E0A9-44BD-ADB9-EA0FB292E13B}.SingleImage|Any CPU.Build.0 = Release|Any CPU
		{F08F756A-E0A9-44BD-ADB9-EA0FB292E13B}.SingleImage|Mixed Platforms.ActiveCfg = Release|Any CPU
		{F08F756A-E0A9-44BD-ADB9-EA0FB292E13B}.SingleImage|Mixed Platforms.Build.0 = Release|Any CPU
		{F08F756A-E0A9-44BD-ADB9-EA0FB292E13B}.SingleImage|x86.ActiveCfg = Release|Any CPU
		{4C3F7530-B3D5-4DD5-BCC4-98377FE9550C}.CD_ROM|Any CPU.ActiveCfg = Release|Any CPU
		{4C3F7530-B3D5-4DD5-BCC4-98377FE9550C}.CD_ROM|Any CPU.Build.0 = Release|Any CPU
		{4C3F7530-B3D5-4DD5-BCC4-98377FE9550C}.CD_ROM|Mixed Platforms.ActiveCfg = Release|Any CPU
		{4C3F7530-B3D5-4DD5-BCC4-98377FE9550C}.CD_ROM|Mixed Platforms.Build.0 = Release|Any CPU
		{4C3F7530-B3D5-4DD5-BCC4-98377FE9550C}.CD_ROM|x86.ActiveCfg = Release|Any CPU
		{4C3F7530-B3D5-4DD5-BCC4-98377FE9550C}.Debug|Any CPU.ActiveCfg = Debug|Any CPU
		{4C3F7530-B3D5-4DD5-BCC4-98377FE9550C}.Debug|Any CPU.Build.0 = Debug|Any CPU
		{4C3F7530-B3D5-4DD5-BCC4-98377FE9550C}.Debug|Mixed Platforms.ActiveCfg = Debug|Any CPU
		{4C3F7530-B3D5-4DD5-BCC4-98377FE9550C}.Debug|Mixed Platforms.Build.0 = Debug|Any CPU
		{4C3F7530-B3D5-4DD5-BCC4-98377FE9550C}.Debug|x86.ActiveCfg = Debug|Any CPU
		{4C3F7530-B3D5-4DD5-BCC4-98377FE9550C}.DVD-5|Any CPU.ActiveCfg = Debug|Any CPU
		{4C3F7530-B3D5-4DD5-BCC4-98377FE9550C}.DVD-5|Any CPU.Build.0 = Debug|Any CPU
		{4C3F7530-B3D5-4DD5-BCC4-98377FE9550C}.DVD-5|Mixed Platforms.ActiveCfg = Debug|Any CPU
		{4C3F7530-B3D5-4DD5-BCC4-98377FE9550C}.DVD-5|Mixed Platforms.Build.0 = Debug|Any CPU
		{4C3F7530-B3D5-4DD5-BCC4-98377FE9550C}.DVD-5|x86.ActiveCfg = Debug|Any CPU
		{4C3F7530-B3D5-4DD5-BCC4-98377FE9550C}.Release|Any CPU.ActiveCfg = Release|Any CPU
		{4C3F7530-B3D5-4DD5-BCC4-98377FE9550C}.Release|Any CPU.Build.0 = Release|Any CPU
		{4C3F7530-B3D5-4DD5-BCC4-98377FE9550C}.Release|Mixed Platforms.ActiveCfg = Release|Any CPU
		{4C3F7530-B3D5-4DD5-BCC4-98377FE9550C}.Release|Mixed Platforms.Build.0 = Release|Any CPU
		{4C3F7530-B3D5-4DD5-BCC4-98377FE9550C}.Release|x86.ActiveCfg = Release|Any CPU
		{4C3F7530-B3D5-4DD5-BCC4-98377FE9550C}.SingleImage|Any CPU.ActiveCfg = Release|Any CPU
		{4C3F7530-B3D5-4DD5-BCC4-98377FE9550C}.SingleImage|Any CPU.Build.0 = Release|Any CPU
		{4C3F7530-B3D5-4DD5-BCC4-98377FE9550C}.SingleImage|Mixed Platforms.ActiveCfg = Release|Any CPU
		{4C3F7530-B3D5-4DD5-BCC4-98377FE9550C}.SingleImage|Mixed Platforms.Build.0 = Release|Any CPU
		{4C3F7530-B3D5-4DD5-BCC4-98377FE9550C}.SingleImage|x86.ActiveCfg = Release|Any CPU
		{0FDC5780-6015-4F15-9701-501C2511CD11}.CD_ROM|Any CPU.ActiveCfg = Release|x86
		{0FDC5780-6015-4F15-9701-501C2511CD11}.CD_ROM|Mixed Platforms.ActiveCfg = Release|x86
		{0FDC5780-6015-4F15-9701-501C2511CD11}.CD_ROM|Mixed Platforms.Build.0 = Release|x86
		{0FDC5780-6015-4F15-9701-501C2511CD11}.CD_ROM|x86.ActiveCfg = Release|x86
		{0FDC5780-6015-4F15-9701-501C2511CD11}.CD_ROM|x86.Build.0 = Release|x86
		{0FDC5780-6015-4F15-9701-501C2511CD11}.Debug|Any CPU.ActiveCfg = Debug|x86
		{0FDC5780-6015-4F15-9701-501C2511CD11}.Debug|Mixed Platforms.ActiveCfg = Debug|x86
		{0FDC5780-6015-4F15-9701-501C2511CD11}.Debug|Mixed Platforms.Build.0 = Debug|x86
		{0FDC5780-6015-4F15-9701-501C2511CD11}.Debug|x86.ActiveCfg = Debug|x86
		{0FDC5780-6015-4F15-9701-501C2511CD11}.Debug|x86.Build.0 = Debug|x86
		{0FDC5780-6015-4F15-9701-501C2511CD11}.DVD-5|Any CPU.ActiveCfg = Debug|x86
		{0FDC5780-6015-4F15-9701-501C2511CD11}.DVD-5|Mixed Platforms.ActiveCfg = Debug|x86
		{0FDC5780-6015-4F15-9701-501C2511CD11}.DVD-5|Mixed Platforms.Build.0 = Debug|x86
		{0FDC5780-6015-4F15-9701-501C2511CD11}.DVD-5|x86.ActiveCfg = Debug|x86
		{0FDC5780-6015-4F15-9701-501C2511CD11}.DVD-5|x86.Build.0 = Debug|x86
		{0FDC5780-6015-4F15-9701-501C2511CD11}.Release|Any CPU.ActiveCfg = Release|x86
		{0FDC5780-6015-4F15-9701-501C2511CD11}.Release|Mixed Platforms.ActiveCfg = Release|x86
		{0FDC5780-6015-4F15-9701-501C2511CD11}.Release|Mixed Platforms.Build.0 = Release|x86
		{0FDC5780-6015-4F15-9701-501C2511CD11}.Release|x86.ActiveCfg = Release|x86
		{0FDC5780-6015-4F15-9701-501C2511CD11}.Release|x86.Build.0 = Release|x86
		{0FDC5780-6015-4F15-9701-501C2511CD11}.SingleImage|Any CPU.ActiveCfg = Release|x86
		{0FDC5780-6015-4F15-9701-501C2511CD11}.SingleImage|Mixed Platforms.ActiveCfg = Release|x86
		{0FDC5780-6015-4F15-9701-501C2511CD11}.SingleImage|Mixed Platforms.Build.0 = Release|x86
		{0FDC5780-6015-4F15-9701-501C2511CD11}.SingleImage|x86.ActiveCfg = Release|x86
		{0FDC5780-6015-4F15-9701-501C2511CD11}.SingleImage|x86.Build.0 = Release|x86
		{AD22961E-BCF9-486E-995C-F92165F34390}.CD_ROM|Any CPU.ActiveCfg = Release|x86
		{AD22961E-BCF9-486E-995C-F92165F34390}.CD_ROM|Mixed Platforms.ActiveCfg = Release|x86
		{AD22961E-BCF9-486E-995C-F92165F34390}.CD_ROM|Mixed Platforms.Build.0 = Release|x86
		{AD22961E-BCF9-486E-995C-F92165F34390}.CD_ROM|x86.ActiveCfg = Release|x86
		{AD22961E-BCF9-486E-995C-F92165F34390}.CD_ROM|x86.Build.0 = Release|x86
		{AD22961E-BCF9-486E-995C-F92165F34390}.Debug|Any CPU.ActiveCfg = Debug|x86
		{AD22961E-BCF9-486E-995C-F92165F34390}.Debug|Mixed Platforms.ActiveCfg = Debug|x86
		{AD22961E-BCF9-486E-995C-F92165F34390}.Debug|Mixed Platforms.Build.0 = Debug|x86
		{AD22961E-BCF9-486E-995C-F92165F34390}.Debug|x86.ActiveCfg = Debug|x86
		{AD22961E-BCF9-486E-995C-F92165F34390}.Debug|x86.Build.0 = Debug|x86
		{AD22961E-BCF9-486E-995C-F92165F34390}.DVD-5|Any CPU.ActiveCfg = Debug|x86
		{AD22961E-BCF9-486E-995C-F92165F34390}.DVD-5|Mixed Platforms.ActiveCfg = Debug|x86
		{AD22961E-BCF9-486E-995C-F92165F34390}.DVD-5|Mixed Platforms.Build.0 = Debug|x86
		{AD22961E-BCF9-486E-995C-F92165F34390}.DVD-5|x86.ActiveCfg = Debug|x86
		{AD22961E-BCF9-486E-995C-F92165F34390}.DVD-5|x86.Build.0 = Debug|x86
		{AD22961E-BCF9-486E-995C-F92165F34390}.Release|Any CPU.ActiveCfg = Release|x86
		{AD22961E-BCF9-486E-995C-F92165F34390}.Release|Mixed Platforms.ActiveCfg = Release|x86
		{AD22961E-BCF9-486E-995C-F92165F34390}.Release|Mixed Platforms.Build.0 = Release|x86
		{AD22961E-BCF9-486E-995C-F92165F34390}.Release|x86.ActiveCfg = Release|x86
		{AD22961E-BCF9-486E-995C-F92165F34390}.Release|x86.Build.0 = Release|x86
		{AD22961E-BCF9-486E-995C-F92165F34390}.SingleImage|Any CPU.ActiveCfg = Release|x86
		{AD22961E-BCF9-486E-995C-F92165F34390}.SingleImage|Mixed Platforms.ActiveCfg = Release|x86
		{AD22961E-BCF9-486E-995C-F92165F34390}.SingleImage|Mixed Platforms.Build.0 = Release|x86
		{AD22961E-BCF9-486E-995C-F92165F34390}.SingleImage|x86.ActiveCfg = Release|x86
		{AD22961E-BCF9-486E-995C-F92165F34390}.SingleImage|x86.Build.0 = Release|x86
		{6F03025D-2FF8-4251-9B35-F7442F839735}.CD_ROM|Any CPU.ActiveCfg = Release|Any CPU
		{6F03025D-2FF8-4251-9B35-F7442F839735}.CD_ROM|Any CPU.Build.0 = Release|Any CPU
		{6F03025D-2FF8-4251-9B35-F7442F839735}.CD_ROM|Mixed Platforms.ActiveCfg = Release|Any CPU
		{6F03025D-2FF8-4251-9B35-F7442F839735}.CD_ROM|Mixed Platforms.Build.0 = Release|Any CPU
		{6F03025D-2FF8-4251-9B35-F7442F839735}.CD_ROM|x86.ActiveCfg = Release|Any CPU
		{6F03025D-2FF8-4251-9B35-F7442F839735}.Debug|Any CPU.ActiveCfg = Debug|Any CPU
		{6F03025D-2FF8-4251-9B35-F7442F839735}.Debug|Any CPU.Build.0 = Debug|Any CPU
		{6F03025D-2FF8-4251-9B35-F7442F839735}.Debug|Mixed Platforms.ActiveCfg = Debug|Any CPU
		{6F03025D-2FF8-4251-9B35-F7442F839735}.Debug|Mixed Platforms.Build.0 = Debug|Any CPU
		{6F03025D-2FF8-4251-9B35-F7442F839735}.Debug|x86.ActiveCfg = Debug|Any CPU
		{6F03025D-2FF8-4251-9B35-F7442F839735}.DVD-5|Any CPU.ActiveCfg = Debug|Any CPU
		{6F03025D-2FF8-4251-9B35-F7442F839735}.DVD-5|Any CPU.Build.0 = Debug|Any CPU
		{6F03025D-2FF8-4251-9B35-F7442F839735}.DVD-5|Mixed Platforms.ActiveCfg = Debug|Any CPU
		{6F03025D-2FF8-4251-9B35-F7442F839735}.DVD-5|Mixed Platforms.Build.0 = Debug|Any CPU
		{6F03025D-2FF8-4251-9B35-F7442F839735}.DVD-5|x86.ActiveCfg = Debug|Any CPU
		{6F03025D-2FF8-4251-9B35-F7442F839735}.Release|Any CPU.ActiveCfg = Release|Any CPU
		{6F03025D-2FF8-4251-9B35-F7442F839735}.Release|Any CPU.Build.0 = Release|Any CPU
		{6F03025D-2FF8-4251-9B35-F7442F839735}.Release|Mixed Platforms.ActiveCfg = Release|Any CPU
		{6F03025D-2FF8-4251-9B35-F7442F839735}.Release|Mixed Platforms.Build.0 = Release|Any CPU
		{6F03025D-2FF8-4251-9B35-F7442F839735}.Release|x86.ActiveCfg = Release|Any CPU
		{6F03025D-2FF8-4251-9B35-F7442F839735}.SingleImage|Any CPU.ActiveCfg = Release|Any CPU
		{6F03025D-2FF8-4251-9B35-F7442F839735}.SingleImage|Any CPU.Build.0 = Release|Any CPU
		{6F03025D-2FF8-4251-9B35-F7442F839735}.SingleImage|Mixed Platforms.ActiveCfg = Release|Any CPU
		{6F03025D-2FF8-4251-9B35-F7442F839735}.SingleImage|Mixed Platforms.Build.0 = Release|Any CPU
		{6F03025D-2FF8-4251-9B35-F7442F839735}.SingleImage|x86.ActiveCfg = Release|Any CPU
		{6408DCFC-747A-457B-BDAF-E4CB71F8F59F}.CD_ROM|Any CPU.ActiveCfg = Release|Any CPU
		{6408DCFC-747A-457B-BDAF-E4CB71F8F59F}.CD_ROM|Any CPU.Build.0 = Release|Any CPU
		{6408DCFC-747A-457B-BDAF-E4CB71F8F59F}.CD_ROM|Mixed Platforms.ActiveCfg = Release|Any CPU
		{6408DCFC-747A-457B-BDAF-E4CB71F8F59F}.CD_ROM|Mixed Platforms.Build.0 = Release|Any CPU
		{6408DCFC-747A-457B-BDAF-E4CB71F8F59F}.CD_ROM|x86.ActiveCfg = Release|Any CPU
		{6408DCFC-747A-457B-BDAF-E4CB71F8F59F}.Debug|Any CPU.ActiveCfg = Debug|Any CPU
		{6408DCFC-747A-457B-BDAF-E4CB71F8F59F}.Debug|Any CPU.Build.0 = Debug|Any CPU
		{6408DCFC-747A-457B-BDAF-E4CB71F8F59F}.Debug|Mixed Platforms.ActiveCfg = Debug|Any CPU
		{6408DCFC-747A-457B-BDAF-E4CB71F8F59F}.Debug|Mixed Platforms.Build.0 = Debug|Any CPU
		{6408DCFC-747A-457B-BDAF-E4CB71F8F59F}.Debug|x86.ActiveCfg = Debug|Any CPU
		{6408DCFC-747A-457B-BDAF-E4CB71F8F59F}.DVD-5|Any CPU.ActiveCfg = Debug|Any CPU
		{6408DCFC-747A-457B-BDAF-E4CB71F8F59F}.DVD-5|Any CPU.Build.0 = Debug|Any CPU
		{6408DCFC-747A-457B-BDAF-E4CB71F8F59F}.DVD-5|Mixed Platforms.ActiveCfg = Debug|Any CPU
		{6408DCFC-747A-457B-BDAF-E4CB71F8F59F}.DVD-5|Mixed Platforms.Build.0 = Debug|Any CPU
		{6408DCFC-747A-457B-BDAF-E4CB71F8F59F}.DVD-5|x86.ActiveCfg = Debug|Any CPU
		{6408DCFC-747A-457B-BDAF-E4CB71F8F59F}.Release|Any CPU.ActiveCfg = Release|Any CPU
		{6408DCFC-747A-457B-BDAF-E4CB71F8F59F}.Release|Any CPU.Build.0 = Release|Any CPU
		{6408DCFC-747A-457B-BDAF-E4CB71F8F59F}.Release|Mixed Platforms.ActiveCfg = Release|Any CPU
		{6408DCFC-747A-457B-BDAF-E4CB71F8F59F}.Release|Mixed Platforms.Build.0 = Release|Any CPU
		{6408DCFC-747A-457B-BDAF-E4CB71F8F59F}.Release|x86.ActiveCfg = Release|Any CPU
		{6408DCFC-747A-457B-BDAF-E4CB71F8F59F}.SingleImage|Any CPU.ActiveCfg = Release|Any CPU
		{6408DCFC-747A-457B-BDAF-E4CB71F8F59F}.SingleImage|Any CPU.Build.0 = Release|Any CPU
		{6408DCFC-747A-457B-BDAF-E4CB71F8F59F}.SingleImage|Mixed Platforms.ActiveCfg = Release|Any CPU
		{6408DCFC-747A-457B-BDAF-E4CB71F8F59F}.SingleImage|Mixed Platforms.Build.0 = Release|Any CPU
		{6408DCFC-747A-457B-BDAF-E4CB71F8F59F}.SingleImage|x86.ActiveCfg = Release|Any CPU
	EndGlobalSection
	GlobalSection(SolutionProperties) = preSolution
		HideSolutionNode = FALSE
	EndGlobalSection
EndGlobal
